{"schemaVersion":1,"kind":"hutch-project-dependencies","objects":[{"type":"release","relativeRoot":"releases/cottontail/0.5.0/e5660061b8e64b5ea044799da8518780a9987391/macos-arm64","version":"0.5.0","platform":"macos-arm64","product":"cottontail","revision":"e5660061b8e64b5ea044799da8518780a9987391","archiveSha256":"65983ede8068663adacfe738ea6ae27615642a4af680e0d5d9831af345848ea6"},{"type":"electrobun","relativeRoot":"releases/electrobun/2.0.1/macos-arm64","version":"2.0.1","platform":"macos-arm64","product":"electrobun","coreSha256":"2d10d46a7716e3fafee9a9fecb13eb8d78531e312fd0d792db85a1d7899a12b2","sourceManifestSha256":"e7978b03a3f06b0068160dd39532c59dc8e39b403c1626a7d1ce7831a7e07a95"}]}
